
Microsoft Visual Studio Solution File, Format Version 12.00
# Visual Studio Version 17
VisualStudioVersion = 17.7.34031.279
MinimumVisualStudioVersion = 10.0.40219.1
Project("{FAE04EC0-301F-11D3-BF4B-00C04F79EFBC}") = "HW2 Pytymko V.L", "HW2 Pytymko V.L\HW2 Pytymko V.L.csproj", "{6C689CF2-CE24-4D95-B26D-D48DE7D44AF3}"
EndProject
Global
	GlobalSection(SolutionConfigurationPlatforms) = preSolution
		Debug|Any CPU = Debug|Any CPU
		Release|Any CPU = Release|Any CPU
	EndGlobalSection
	GlobalSection(ProjectConfigurationPlatforms) = postSolution
		{6C689CF2-CE24-4D95-B26D-D48DE7D44AF3}.Debug|Any CPU.ActiveCfg = Debug|Any CPU
		{6C689CF2-CE24-4D95-B26D-D48DE7D44AF3}.Debug|Any CPU.Build.0 = Debug|Any CPU
		{6C689CF2-CE24-4D95-B26D-D48DE7D44AF3}.Release|Any CPU.ActiveCfg = Release|Any CPU
		{6C689CF2-CE24-4D95-B26D-D48DE7D44AF3}.Release|Any CPU.Build.0 = Release|Any CPU
	EndGlobalSection
	GlobalSection(SolutionProperties) = preSolution
		HideSolutionNode = FALSE
	EndGlobalSection
	GlobalSection(ExtensibilityGlobals) = postSolution
		SolutionGuid = {B8E54FA0-51A0-4340-BF40-CF3EE63863A3}
	EndGlobalSection
EndGlobal
